
Microsoft Visual Studio Solution File, Format Version 12.00
# Visual Studio Version 17
VisualStudioVersion = 17.13.35825.156 d17.13
MinimumVisualStudioVersion = 10.0.40219.1
Project("{FAE04EC0-301F-11D3-BF4B-00C04F79EFBC}") = "gestion-tareas", "gestion-tareas\gestion-tareas.csproj", "{C1A80DC1-468F-4448-ABEB-965A0A5A6DE5}"
EndProject
Global
	GlobalSection(SolutionConfigurationPlatforms) = preSolution
		Debug|Any CPU = Debug|Any CPU
		Release|Any CPU = Release|Any CPU
	EndGlobalSection
	GlobalSection(ProjectConfigurationPlatforms) = postSolution
		{C1A80DC1-468F-4448-ABEB-965A0A5A6DE5}.Debug|Any CPU.ActiveCfg = Debug|Any CPU
		{C1A80DC1-468F-4448-ABEB-965A0A5A6DE5}.Debug|Any CPU.Build.0 = Debug|Any CPU
		{C1A80DC1-468F-4448-ABEB-965A0A5A6DE5}.Release|Any CPU.ActiveCfg = Release|Any CPU
		{C1A80DC1-468F-4448-ABEB-965A0A5A6DE5}.Release|Any CPU.Build.0 = Release|Any CPU
	EndGlobalSection
	GlobalSection(SolutionProperties) = preSolution
		HideSolutionNode = FALSE
	EndGlobalSection
	GlobalSection(ExtensibilityGlobals) = postSolution
		SolutionGuid = {449F85F1-2BC2-4115-A3F4-95EFCE93D73F}
	EndGlobalSection
EndGlobal
